
Microsoft Visual Studio Solution File, Format Version 12.00
# Visual Studio Version 17
VisualStudioVersion = 17.14.36518.9
MinimumVisualStudioVersion = 10.0.40219.1
Project("{FAE04EC0-301F-11D3-BF4B-00C04F79EFBC}") = "Transpiler.Core", "Transpiler.Core\Transpiler.Core.csproj", "{B5918C2D-F555-44CB-876F-5657B8CFD281}"
EndProject
Project("{FAE04EC0-301F-11D3-BF4B-00C04F79EFBC}") = "Transpiler.Desktop", "Transpiler.Desktop\Transpiler.Desktop.csproj", "{159D3A39-1D49-4C7D-873F-8C49F5F8EBE6}"
EndProject
Project("{FAE04EC0-301F-11D3-BF4B-00C04F79EFBC}") = "Transpiler.Tests", "Transpiler.Tests\Transpiler.Tests.csproj", "{2C7B787F-05C5-473D-B235-75ADB20EBFD8}"
EndProject
Global
	GlobalSection(SolutionConfigurationPlatforms) = preSolution
		Debug|Any CPU = Debug|Any CPU
		Release|Any CPU = Release|Any CPU
	EndGlobalSection
	GlobalSection(ProjectConfigurationPlatforms) = postSolution
		{B5918C2D-F555-44CB-876F-5657B8CFD281}.Debug|Any CPU.ActiveCfg = Debug|Any CPU
		{B5918C2D-F555-44CB-876F-5657B8CFD281}.Debug|Any CPU.Build.0 = Debug|Any CPU
		{B5918C2D-F555-44CB-876F-5657B8CFD281}.Release|Any CPU.ActiveCfg = Release|Any CPU
		{B5918C2D-F555-44CB-876F-5657B8CFD281}.Release|Any CPU.Build.0 = Release|Any CPU
		{159D3A39-1D49-4C7D-873F-8C49F5F8EBE6}.Debug|Any CPU.ActiveCfg = Debug|Any CPU
		{159D3A39-1D49-4C7D-873F-8C49F5F8EBE6}.Debug|Any CPU.Build.0 = Debug|Any CPU
		{159D3A39-1D49-4C7D-873F-8C49F5F8EBE6}.Release|Any CPU.ActiveCfg = Release|Any CPU
		{159D3A39-1D49-4C7D-873F-8C49F5F8EBE6}.Release|Any CPU.Build.0 = Release|Any CPU
		{2C7B787F-05C5-473D-B235-75ADB20EBFD8}.Debug|Any CPU.ActiveCfg = Debug|Any CPU
		{2C7B787F-05C5-473D-B235-75ADB20EBFD8}.Debug|Any CPU.Build.0 = Debug|Any CPU
		{2C7B787F-05C5-473D-B235-75ADB20EBFD8}.Release|Any CPU.ActiveCfg = Release|Any CPU
		{2C7B787F-05C5-473D-B235-75ADB20EBFD8}.Release|Any CPU.Build.0 = Release|Any CPU
	EndGlobalSection
	GlobalSection(SolutionProperties) = preSolution
		HideSolutionNode = FALSE
	EndGlobalSection
	GlobalSection(ExtensibilityGlobals) = postSolution
		SolutionGuid = {E2D6BDD0-523E-468E-B060-B1D09E94D0DF}
	EndGlobalSection
EndGlobal
